// !$*UTF8*$!
{
	archiveVersion = 1;
	classes = {
	};
	objectVersion = 46;
	objects = {

/* Begin PBXBuildFile section */
		3D968D3100D7715D8590C20E /* Pods_Frank_Lloyd_Wright_Trail.framework in Frameworks */ = {isa = PBXBuildFile; fileRef = DF68C79F7226D19F1DACC2B8 /* Pods_Frank_Lloyd_Wright_Trail.framework */; };
		B6109D9A1D528DDE002A6D77 /* AppDelegate.swift in Sources */ = {isa = PBXBuildFile; fileRef = B6109D991D528DDE002A6D77 /* AppDelegate.swift */; };
		B6109DA11D528DDE002A6D77 /* Main.storyboard in Resources */ = {isa = PBXBuildFile; fileRef = B6109D9F1D528DDE002A6D77 /* Main.storyboard */; };
		B6109DA31D528DDE002A6D77 /* Assets.xcassets in Resources */ = {isa = PBXBuildFile; fileRef = B6109DA21D528DDE002A6D77 /* Assets.xcassets */; };
		B6109DA61D528DDE002A6D77 /* LaunchScreen.storyboard in Resources */ = {isa = PBXBuildFile; fileRef = B6109DA41D528DDE002A6D77 /* LaunchScreen.storyboard */; };
		FA38D3B81D6A4D7E00B8073E /* Site.swift in Sources */ = {isa = PBXBuildFile; fileRef = FA38D3B71D6A4D7E00B8073E /* Site.swift */; };
		FA38D3BA1D6B73EB00B8073E /* Query.swift in Sources */ = {isa = PBXBuildFile; fileRef = FA38D3B91D6B73EB00B8073E /* Query.swift */; };
		FA38D3BC1D6B758600B8073E /* Populator.swift in Sources */ = {isa = PBXBuildFile; fileRef = FA38D3BB1D6B758600B8073E /* Populator.swift */; };
		FAD304B11D6CD80500D8CE2F /* Location.swift in Sources */ = {isa = PBXBuildFile; fileRef = FAD304B01D6CD80500D8CE2F /* Location.swift */; };
		FAEE90AE1D6771B5008264DC /* TabBarController.swift in Sources */ = {isa = PBXBuildFile; fileRef = FAEE90AD1D6771B5008264DC /* TabBarController.swift */; };
		FAEE90B41D677EBB008264DC /* LocationsViewController.swift in Sources */ = {isa = PBXBuildFile; fileRef = FAEE90B31D677EBB008264DC /* LocationsViewController.swift */; };
/* End PBXBuildFile section */

/* Begin PBXFileReference section */
		46912E114CBBD62D92AB4CE3 /* Pods-Frank Lloyd Wright Trail.release.xcconfig */ = {isa = PBXFileReference; includeInIndex = 1; lastKnownFileType = text.xcconfig; name = "Pods-Frank Lloyd Wright Trail.release.xcconfig"; path = "Pods/Target Support Files/Pods-Frank Lloyd Wright Trail/Pods-Frank Lloyd Wright Trail.release.xcconfig"; sourceTree = "<group>"; };
		866A48BE69E58B36CE7AFA90 /* Pods-Frank Lloyd Wright Trail.debug.xcconfig */ = {isa = PBXFileReference; includeInIndex = 1; lastKnownFileType = text.xcconfig; name = "Pods-Frank Lloyd Wright Trail.debug.xcconfig"; path = "Pods/Target Support Files/Pods-Frank Lloyd Wright Trail/Pods-Frank Lloyd Wright Trail.debug.xcconfig"; sourceTree = "<group>"; };
		B6109D961D528DDD002A6D77 /* Frank Lloyd Wright Trail.app */ = {isa = PBXFileReference; explicitFileType = wrapper.application; includeInIndex = 0; path = "Frank Lloyd Wright Trail.app"; sourceTree = BUILT_PRODUCTS_DIR; };
		B6109D991D528DDE002A6D77 /* AppDelegate.swift */ = {isa = PBXFileReference; lastKnownFileType = sourcecode.swift; path = AppDelegate.swift; sourceTree = "<group>"; };
		B6109DA01D528DDE002A6D77 /* Base */ = {isa = PBXFileReference; lastKnownFileType = file.storyboard; name = Base; path = Base.lproj/Main.storyboard; sourceTree = "<group>"; };
		B6109DA21D528DDE002A6D77 /* Assets.xcassets */ = {isa = PBXFileReference; lastKnownFileType = folder.assetcatalog; path = Assets.xcassets; sourceTree = "<group>"; };
		B6109DA51D528DDE002A6D77 /* Base */ = {isa = PBXFileReference; lastKnownFileType = file.storyboard; name = Base; path = Base.lproj/LaunchScreen.storyboard; sourceTree = "<group>"; };
		B6109DA71D528DDE002A6D77 /* Info.plist */ = {isa = PBXFileReference; lastKnownFileType = text.plist.xml; path = Info.plist; sourceTree = "<group>"; };
		DF68C79F7226D19F1DACC2B8 /* Pods_Frank_Lloyd_Wright_Trail.framework */ = {isa = PBXFileReference; explicitFileType = wrapper.framework; includeInIndex = 0; path = Pods_Frank_Lloyd_Wright_Trail.framework; sourceTree = BUILT_PRODUCTS_DIR; };
		FA38D3B71D6A4D7E00B8073E /* Site.swift */ = {isa = PBXFileReference; fileEncoding = 4; lastKnownFileType = sourcecode.swift; path = Site.swift; sourceTree = "<group>"; };
		FA38D3B91D6B73EB00B8073E /* Query.swift */ = {isa = PBXFileReference; fileEncoding = 4; lastKnownFileType = sourcecode.swift; path = Query.swift; sourceTree = "<group>"; };
		FA38D3BB1D6B758600B8073E /* Populator.swift */ = {isa = PBXFileReference; fileEncoding = 4; lastKnownFileType = sourcecode.swift; path = Populator.swift; sourceTree = "<group>"; };
		FAD304B01D6CD80500D8CE2F /* Location.swift */ = {isa = PBXFileReference; fileEncoding = 4; lastKnownFileType = sourcecode.swift; path = Location.swift; sourceTree = "<group>"; };
		FAEE90AD1D6771B5008264DC /* TabBarController.swift */ = {isa = PBXFileReference; fileEncoding = 4; lastKnownFileType = sourcecode.swift; path = TabBarController.swift; sourceTree = "<group>"; };
		FAEE90B31D677EBB008264DC /* LocationsViewController.swift */ = {isa = PBXFileReference; fileEncoding = 4; lastKnownFileType = sourcecode.swift; path = LocationsViewController.swift; sourceTree = "<group>"; };
/* End PBXFileReference section */

/* Begin PBXFrameworksBuildPhase section */
		B6109D931D528DDD002A6D77 /* Frameworks */ = {
			isa = PBXFrameworksBuildPhase;
			buildActionMask = 2147483647;
			files = (
				3D968D3100D7715D8590C20E /* Pods_Frank_Lloyd_Wright_Trail.framework in Frameworks */,
			);
			runOnlyForDeploymentPostprocessing = 0;
		};
/* End PBXFrameworksBuildPhase section */

/* Begin PBXGroup section */
		B6109D8D1D528DDD002A6D77 = {
			isa = PBXGroup;
			children = (
				B6109D981D528DDE002A6D77 /* Frank Lloyd Wright Trail */,
				B6109D971D528DDD002A6D77 /* Products */,
				F18132D53F2F165472B3CD59 /* Pods */,
				E49F468231079B747BE7186B /* Frameworks */,
			);
			sourceTree = "<group>";
		};
		B6109D971D528DDD002A6D77 /* Products */ = {
			isa = PBXGroup;
			children = (
				B6109D961D528DDD002A6D77 /* Frank Lloyd Wright Trail.app */,
			);
			name = Products;
			sourceTree = "<group>";
		};
		B6109D981D528DDE002A6D77 /* Frank Lloyd Wright Trail */ = {
			isa = PBXGroup;
			children = (
				B6109D991D528DDE002A6D77 /* AppDelegate.swift */,
				FA38D3B71D6A4D7E00B8073E /* Site.swift */,
				FA38D3BB1D6B758600B8073E /* Populator.swift */,
				FA38D3B91D6B73EB00B8073E /* Query.swift */,
				FAEE90AD1D6771B5008264DC /* TabBarController.swift */,
				FAEE90B31D677EBB008264DC /* LocationsViewController.swift */,
				FAD304B01D6CD80500D8CE2F /* Location.swift */,
				B6109D9F1D528DDE002A6D77 /* Main.storyboard */,
				B6109DA21D528DDE002A6D77 /* Assets.xcassets */,
				B6109DA41D528DDE002A6D77 /* LaunchScreen.storyboard */,
				B6109DA71D528DDE002A6D77 /* Info.plist */,
			);
			path = "Frank Lloyd Wright Trail";
			sourceTree = "<group>";
		};
		E49F468231079B747BE7186B /* Frameworks */ = {
			isa = PBXGroup;
			children = (
				DF68C79F7226D19F1DACC2B8 /* Pods_Frank_Lloyd_Wright_Trail.framework */,
			);
			name = Frameworks;
			sourceTree = "<group>";
		};
		F18132D53F2F165472B3CD59 /* Pods */ = {
			isa = PBXGroup;
			children = (
				866A48BE69E58B36CE7AFA90 /* Pods-Frank Lloyd Wright Trail.debug.xcconfig */,
				46912E114CBBD62D92AB4CE3 /* Pods-Frank Lloyd Wright Trail.release.xcconfig */,
			);
			name = Pods;
			sourceTree = "<group>";
		};
/* End PBXGroup section */

/* Begin PBXNativeTarget section */
		B6109D951D528DDD002A6D77 /* Frank Lloyd Wright Trail */ = {
			isa = PBXNativeTarget;
			buildConfigurationList = B6109DAA1D528DDE002A6D77 /* Build configuration list for PBXNativeTarget "Frank Lloyd Wright Trail" */;
			buildPhases = (
				E5D4518BE6EA3925E0B26A6B /* [CP] Check Pods Manifest.lock */,
				B6109D921D528DDD002A6D77 /* Sources */,
				B6109D931D528DDD002A6D77 /* Frameworks */,
				B6109D941D528DDD002A6D77 /* Resources */,
				F4768C6FB32BE8CD8E06CFF2 /* [CP] Embed Pods Frameworks */,
				779DC3990D663CD4A8FE9C4D /* [CP] Copy Pods Resources */,
			);
			buildRules = (
			);
			dependencies = (
			);
			name = "Frank Lloyd Wright Trail";
			productName = "Frank Lloyd Wright Trail";
			productReference = B6109D961D528DDD002A6D77 /* Frank Lloyd Wright Trail.app */;
			productType = "com.apple.product-type.application";
		};
/* End PBXNativeTarget section */

/* Begin PBXProject section */
		B6109D8E1D528DDD002A6D77 /* Project object */ = {
			isa = PBXProject;
			attributes = {
				LastSwiftUpdateCheck = 0730;
				LastUpgradeCheck = 0730;
				ORGANIZATIONNAME = "App Factory";
				TargetAttributes = {
					B6109D951D528DDD002A6D77 = {
						CreatedOnToolsVersion = 7.3;
					};
				};
			};
			buildConfigurationList = B6109D911D528DDD002A6D77 /* Build configuration list for PBXProject "Frank Lloyd Wright Trail" */;
			compatibilityVersion = "Xcode 3.2";
			developmentRegion = English;
			hasScannedForEncodings = 0;
			knownRegions = (
				en,
				Base,
			);
			mainGroup = B6109D8D1D528DDD002A6D77;
			productRefGroup = B6109D971D528DDD002A6D77 /* Products */;
			projectDirPath = "";
			projectRoot = "";
			targets = (
				B6109D951D528DDD002A6D77 /* Frank Lloyd Wright Trail */,
			);
		};
/* End PBXProject section */

/* Begin PBXResourcesBuildPhase section */
		B6109D941D528DDD002A6D77 /* Resources */ = {
			isa = PBXResourcesBuildPhase;
			buildActionMask = 2147483647;
			files = (
				B6109DA61D528DDE002A6D77 /* LaunchScreen.storyboard in Resources */,
				B6109DA31D528DDE002A6D77 /* Assets.xcassets in Resources */,
				B6109DA11D528DDE002A6D77 /* Main.storyboard in Resources */,
			);
			runOnlyForDeploymentPostprocessing = 0;
		};
/* End PBXResourcesBuildPhase section */

/* Begin PBXShellScriptBuildPhase section */
		779DC3990D663CD4A8FE9C4D /* [CP] Copy Pods Resources */ = {
			isa = PBXShellScriptBuildPhase;
			buildActionMask = 2147483647;
			files = (
			);
			inputPaths = (
			);
			name = "[CP] Copy Pods Resources";
			outputPaths = (
			);
			runOnlyForDeploymentPostprocessing = 0;
			shellPath = /bin/sh;
			shellScript = "\"${SRCROOT}/Pods/Target Support Files/Pods-Frank Lloyd Wright Trail/Pods-Frank Lloyd Wright Trail-resources.sh\"\n";
			showEnvVarsInLog = 0;
		};
		E5D4518BE6EA3925E0B26A6B /* [CP] Check Pods Manifest.lock */ = {
			isa = PBXShellScriptBuildPhase;
			buildActionMask = 2147483647;
			files = (
			);
			inputPaths = (
			);
			name = "[CP] Check Pods Manifest.lock";
			outputPaths = (
			);
			runOnlyForDeploymentPostprocessing = 0;
			shellPath = /bin/sh;
			shellScript = "diff \"${PODS_ROOT}/../Podfile.lock\" \"${PODS_ROOT}/Manifest.lock\" > /dev/null\nif [[ $? != 0 ]] ; then\n    cat << EOM\nerror: The sandbox is not in sync with the Podfile.lock. Run 'pod install' or update your CocoaPods installation.\nEOM\n    exit 1\nfi\n";
			showEnvVarsInLog = 0;
		};
		F4768C6FB32BE8CD8E06CFF2 /* [CP] Embed Pods Frameworks */ = {
			isa = PBXShellScriptBuildPhase;
			buildActionMask = 2147483647;
			files = (
			);
			inputPaths = (
			);
			name = "[CP] Embed Pods Frameworks";
			outputPaths = (
			);
			runOnlyForDeploymentPostprocessing = 0;
			shellPath = /bin/sh;
			shellScript = "\"${SRCROOT}/Pods/Target Support Files/Pods-Frank Lloyd Wright Trail/Pods-Frank Lloyd Wright Trail-frameworks.sh\"\n";
			showEnvVarsInLog = 0;
		};
/* End PBXShellScriptBuildPhase section */

/* Begin PBXSourcesBuildPhase section */
		B6109D921D528DDD002A6D77 /* Sources */ = {
			isa = PBXSourcesBuildPhase;
			buildActionMask = 2147483647;
			files = (
				FA38D3BA1D6B73EB00B8073E /* Query.swift in Sources */,
				B6109D9A1D528DDE002A6D77 /* AppDelegate.swift in Sources */,
				FA38D3B81D6A4D7E00B8073E /* Site.swift in Sources */,
				FAEE90AE1D6771B5008264DC /* TabBarController.swift in Sources */,
				FA38D3BC1D6B758600B8073E /* Populator.swift in Sources */,
				FAEE90B41D677EBB008264DC /* LocationsViewController.swift in Sources */,
				FAD304B11D6CD80500D8CE2F /* Location.swift in Sources */,
			);
			runOnlyForDeploymentPostprocessing = 0;
		};
/* End PBXSourcesBuildPhase section */

/* Begin PBXVariantGroup section */
		B6109D9F1D528DDE002A6D77 /* Main.storyboard */ = {
			isa = PBXVariantGroup;
			children = (
				B6109DA01D528DDE002A6D77 /* Base */,
			);
			name = Main.storyboard;
			sourceTree = "<group>";
		};
		B6109DA41D528DDE002A6D77 /* LaunchScreen.storyboard */ = {
			isa = PBXVariantGroup;
			children = (
				B6109DA51D528DDE002A6D77 /* Base */,
			);
			name = LaunchScreen.storyboard;
			sourceTree = "<group>";
		};
/* End PBXVariantGroup section */

/* Begin XCBuildConfiguration section */
		B6109DA81D528DDE002A6D77 /* Debug */ = {
			isa = XCBuildConfiguration;
			buildSettings = {
				ALWAYS_SEARCH_USER_PATHS = NO;
				CLANG_ANALYZER_NONNULL = YES;
				CLANG_CXX_LANGUAGE_STANDARD = "gnu++0x";
				CLANG_CXX_LIBRARY = "libc++";
				CLANG_ENABLE_MODULES = YES;
				CLANG_ENABLE_OBJC_ARC = YES;
				CLANG_WARN_BOOL_CONVERSION = YES;
				CLANG_WARN_CONSTANT_CONVERSION = YES;
				CLANG_WARN_DIRECT_OBJC_ISA_USAGE = YES_ERROR;
				CLANG_WARN_EMPTY_BODY = YES;
				CLANG_WARN_ENUM_CONVERSION = YES;
				CLANG_WARN_INT_CONVERSION = YES;
				CLANG_WARN_OBJC_ROOT_CLASS = YES_ERROR;
				CLANG_WARN_UNREACHABLE_CODE = YES;
				CLANG_WARN__DUPLICATE_METHOD_MATCH = YES;
				"CODE_SIGN_IDENTITY[sdk=iphoneos*]" = "iPhone Developer";
				COPY_PHASE_STRIP = NO;
				DEBUG_INFORMATION_FORMAT = dwarf;
				ENABLE_STRICT_OBJC_MSGSEND = YES;
				ENABLE_TESTABILITY = YES;
				GCC_C_LANGUAGE_STANDARD = gnu99;
				GCC_DYNAMIC_NO_PIC = NO;
				GCC_NO_COMMON_BLOCKS = YES;
				GCC_OPTIMIZATION_LEVEL = 0;
				GCC_PREPROCESSOR_DEFINITIONS = (
					"DEBUG=1",
					"$(inherited)",
				);
				GCC_WARN_64_TO_32_BIT_CONVERSION = YES;
				GCC_WARN_ABOUT_RETURN_TYPE = YES_ERROR;
				GCC_WARN_UNDECLARED_SELECTOR = YES;
				GCC_WARN_UNINITIALIZED_AUTOS = YES_AGGRESSIVE;
				GCC_WARN_UNUSED_FUNCTION = YES;
				GCC_WARN_UNUSED_VARIABLE = YES;
				IPHONEOS_DEPLOYMENT_TARGET = 9.3;
				MTL_ENABLE_DEBUG_INFO = YES;
				ONLY_ACTIVE_ARCH = YES;
				SDKROOT = iphoneos;
				SWIFT_OPTIMIZATION_LEVEL = "-Onone";
			};
			name = Debug;
		};
		B6109DA91D528DDE002A6D77 /* Release */ = {
			isa = XCBuildConfiguration;
			buildSettings = {
				ALWAYS_SEARCH_USER_PATHS = NO;
				CLANG_ANALYZER_NONNULL = YES;
				CLANG_CXX_LANGUAGE_STANDARD = "gnu++0x";
				CLANG_CXX_LIBRARY = "libc++";
				CLANG_ENABLE_MODULES = YES;
				CLANG_ENABLE_OBJC_ARC = YES;
				CLANG_WARN_BOOL_CONVERSION = YES;
				CLANG_WARN_CONSTANT_CONVERSION = YES;
				CLANG_WARN_DIRECT_OBJC_ISA_USAGE = YES_ERROR;
				CLANG_WARN_EMPTY_BODY = YES;
				CLANG_WARN_ENUM_CONVERSION = YES;
				CLANG_WARN_INT_CONVERSION = YES;
				CLANG_WARN_OBJC_ROOT_CLASS = YES_ERROR;
				CLANG_WARN_UNREACHABLE_CODE = YES;
				CLANG_WARN__DUPLICATE_METHOD_MATCH = YES;
				"CODE_SIGN_IDENTITY[sdk=iphoneos*]" = "iPhone Developer";
				COPY_PHASE_STRIP = NO;
				DEBUG_INFORMATION_FORMAT = "dwarf-with-dsym";
				ENABLE_NS_ASSERTIONS = NO;
				ENABLE_STRICT_OBJC_MSGSEND = YES;
				GCC_C_LANGUAGE_STANDARD = gnu99;
				GCC_NO_COMMON_BLOCKS = YES;
				GCC_WARN_64_TO_32_BIT_CONVERSION = YES;
				GCC_WARN_ABOUT_RETURN_TYPE = YES_ERROR;
				GCC_WARN_UNDECLARED_SELECTOR = YES;
				GCC_WARN_UNINITIALIZED_AUTOS = YES_AGGRESSIVE;
				GCC_WARN_UNUSED_FUNCTION = YES;
				GCC_WARN_UNUSED_VARIABLE = YES;
				IPHONEOS_DEPLOYMENT_TARGET = 9.3;
				MTL_ENABLE_DEBUG_INFO = NO;
				SDKROOT = iphoneos;
				VALIDATE_PRODUCT = YES;
			};
			name = Release;
		};
		B6109DAB1D528DDE002A6D77 /* Debug */ = {
			isa = XCBuildConfiguration;
			baseConfigurationReference = 866A48BE69E58B36CE7AFA90 /* Pods-Frank Lloyd Wright Trail.debug.xcconfig */;
			buildSettings = {
				ASSETCATALOG_COMPILER_APPICON_NAME = AppIcon;
				FRAMEWORK_SEARCH_PATHS = (
					"$(inherited)",
					"$(PROJECT_DIR)",
				);
				INFOPLIST_FILE = "Frank Lloyd Wright Trail/Info.plist";
				IPHONEOS_DEPLOYMENT_TARGET = 9.0;
				LD_RUNPATH_SEARCH_PATHS = "$(inherited) @executable_path/Frameworks";
				PRODUCT_BUNDLE_IDENTIFIER = "uwp.edu.appFactory.Frank-Lloyd-Wright-Trail";
				PRODUCT_NAME = "$(TARGET_NAME)";
			};
			name = Debug;
		};
		B6109DAC1D528DDE002A6D77 /* Release */ = {
			isa = XCBuildConfiguration;
			baseConfigurationReference = 46912E114CBBD62D92AB4CE3 /* Pods-Frank Lloyd Wright Trail.release.xcconfig */;
			buildSettings = {
				ASSETCATALOG_COMPILER_APPICON_NAME = AppIcon;
				FRAMEWORK_SEARCH_PATHS = (
					"$(inherited)",
					"$(PROJECT_DIR)",
				);
				INFOPLIST_FILE = "Frank Lloyd Wright Trail/Info.plist";
				IPHONEOS_DEPLOYMENT_TARGET = 9.0;
				LD_RUNPATH_SEARCH_PATHS = "$(inherited) @executable_path/Frameworks";
				PRODUCT_BUNDLE_IDENTIFIER = "uwp.edu.appFactory.Frank-Lloyd-Wright-Trail";
				PRODUCT_NAME = "$(TARGET_NAME)";
			};
			name = Release;
		};
/* End XCBuildConfiguration section */

/* Begin XCConfigurationList section */
		B6109D911D528DDD002A6D77 /* Build configuration list for PBXProject "Frank Lloyd Wright Trail" */ = {
			isa = XCConfigurationList;
			buildConfigurations = (
				B6109DA81D528DDE002A6D77 /* Debug */,
				B6109DA91D528DDE002A6D77 /* Release */,
			);
			defaultConfigurationIsVisible = 0;
			defaultConfigurationName = Release;
		};
		B6109DAA1D528DDE002A6D77 /* Build configuration list for PBXNativeTarget "Frank Lloyd Wright Trail" */ = {
			isa = XCConfigurationList;
			buildConfigurations = (
				B6109DAB1D528DDE002A6D77 /* Debug */,
				B6109DAC1D528DDE002A6D77 /* Release */,
			);
			defaultConfigurationIsVisible = 0;
			defaultConfigurationName = Release;
		};
/* End XCConfigurationList section */
	};
	rootObject = B6109D8E1D528DDD002A6D77 /* Project object */;
}
