// !$*UTF8*$!
{
	archiveVersion = 1;
	classes = {
	};
	objectVersion = 46;
	objects = {

/* Begin PBXBuildFile section */
		3D968D3100D7715D8590C20E /* Pods_Frank_Lloyd_Wright_Trail.framework in Frameworks */ = {isa = PBXBuildFile; fileRef = DF68C79F7226D19F1DACC2B8 /* Pods_Frank_Lloyd_Wright_Trail.framework */; };
		847AE4B61DA71FFA0056B6D7 /* PhotosProvider.swift in Sources */ = {isa = PBXBuildFile; fileRef = 847AE4B51DA71FFA0056B6D7 /* PhotosProvider.swift */; };
		847AE4B81DA720010056B6D7 /* ExamplePhoto.swift in Sources */ = {isa = PBXBuildFile; fileRef = 847AE4B71DA720010056B6D7 /* ExamplePhoto.swift */; };
		847AE4BA1DA720AA0056B6D7 /* LocationGalleryPageControlller.swift in Sources */ = {isa = PBXBuildFile; fileRef = 847AE4B91DA720AA0056B6D7 /* LocationGalleryPageControlller.swift */; };
		847AE4BC1DA720B30056B6D7 /* LocationGalleryImageController.swift in Sources */ = {isa = PBXBuildFile; fileRef = 847AE4BB1DA720B30056B6D7 /* LocationGalleryImageController.swift */; };
		847AE4BE1DA723450056B6D7 /* locations.plist in Resources */ = {isa = PBXBuildFile; fileRef = 847AE4BD1DA723450056B6D7 /* locations.plist */; };
		84B1F0361E3941C00048986C /* Timeline-Bridging-Header.h in Sources */ = {isa = PBXBuildFile; fileRef = FAB740D21DDEAF7900BA859F /* Timeline-Bridging-Header.h */; };
		84B1F0381E3BCC9E0048986C /* LocationDetails.storyboard in Resources */ = {isa = PBXBuildFile; fileRef = 84B1F0371E3BCC9E0048986C /* LocationDetails.storyboard */; };
		B6109DA31D528DDE002A6D77 /* Assets.xcassets in Resources */ = {isa = PBXBuildFile; fileRef = B6109DA21D528DDE002A6D77 /* Assets.xcassets */; };
		B6109DA61D528DDE002A6D77 /* LaunchScreen.storyboard in Resources */ = {isa = PBXBuildFile; fileRef = B6109DA41D528DDE002A6D77 /* LaunchScreen.storyboard */; };
		B6DB3BBB1D7A100200FC737D /* Pin.swift in Sources */ = {isa = PBXBuildFile; fileRef = B6DB3BB81D7A100200FC737D /* Pin.swift */; };
		B6DB3BBC1D7A100200FC737D /* Site.swift in Sources */ = {isa = PBXBuildFile; fileRef = B6DB3BB91D7A100200FC737D /* Site.swift */; };
		B6DB3BBF1D7A104900FC737D /* LocationCollectionDelegate.swift in Sources */ = {isa = PBXBuildFile; fileRef = B6DB3BBE1D7A104900FC737D /* LocationCollectionDelegate.swift */; };
		FA1334751DBFEF3500976585 /* TimeTableVC.swift in Sources */ = {isa = PBXBuildFile; fileRef = FA1334741DBFEF3500976585 /* TimeTableVC.swift */; };
		FA3829491DBAE7E3003A4BFA /* ChooseDestinationVC.swift in Sources */ = {isa = PBXBuildFile; fileRef = FA3829481DBAE7E3003A4BFA /* ChooseDestinationVC.swift */; };
		FA38294B1DBAEB94003A4BFA /* DestinationCell.swift in Sources */ = {isa = PBXBuildFile; fileRef = FA38294A1DBAEB94003A4BFA /* DestinationCell.swift */; };
		FA5AB5AF1D7E744D005CFBD4 /* Item.swift in Sources */ = {isa = PBXBuildFile; fileRef = FA5AB5AE1D7E744D005CFBD4 /* Item.swift */; };
		FA6143921D81FD6300E3A076 /* SiteSorter.swift in Sources */ = {isa = PBXBuildFile; fileRef = FA6143911D81FD6300E3A076 /* SiteSorter.swift */; };
		FA982F401D85D6AF005AF97C /* Callout.xib in Resources */ = {isa = PBXBuildFile; fileRef = FA982F3F1D85D6AF005AF97C /* Callout.xib */; };
		FAAF70C41D74A39400515DBD /* Cell.swift in Sources */ = {isa = PBXBuildFile; fileRef = FAAF70C31D74A39400515DBD /* Cell.swift */; };
		FAAF70CC1D77675B00515DBD /* CollectionViewController.swift in Sources */ = {isa = PBXBuildFile; fileRef = FAAF70CB1D77675B00515DBD /* CollectionViewController.swift */; };
		FAB740D01DDE728D00BA859F /* TripTimeVC.swift in Sources */ = {isa = PBXBuildFile; fileRef = FAB740CF1DDE728D00BA859F /* TripTimeVC.swift */; };
		FAB740DF1DDEB14A00BA859F /* JTSAnimatedGIFUtility.m in Sources */ = {isa = PBXBuildFile; fileRef = FAB740D41DDEB14A00BA859F /* JTSAnimatedGIFUtility.m */; };
		FAB740E01DDEB14A00BA859F /* JTSImageInfo.m in Sources */ = {isa = PBXBuildFile; fileRef = FAB740D61DDEB14A00BA859F /* JTSImageInfo.m */; };
		FAB740E11DDEB14A00BA859F /* JTSImageViewController.m in Sources */ = {isa = PBXBuildFile; fileRef = FAB740D81DDEB14A00BA859F /* JTSImageViewController.m */; };
		FAB740E21DDEB14A00BA859F /* JTSSimpleImageDownloader.m in Sources */ = {isa = PBXBuildFile; fileRef = FAB740DA1DDEB14A00BA859F /* JTSSimpleImageDownloader.m */; };
		FAB740E31DDEB14A00BA859F /* UIApplication+JTSImageViewController.m in Sources */ = {isa = PBXBuildFile; fileRef = FAB740DC1DDEB14A00BA859F /* UIApplication+JTSImageViewController.m */; };
		FAB740E41DDEB14A00BA859F /* UIImage+JTSImageEffects.m in Sources */ = {isa = PBXBuildFile; fileRef = FAB740DE1DDEB14A00BA859F /* UIImage+JTSImageEffects.m */; };
		FAB740E61DDEB1AB00BA859F /* TimelineView.swift in Sources */ = {isa = PBXBuildFile; fileRef = FAB740E51DDEB1AB00BA859F /* TimelineView.swift */; };
		FAB740E81DDEB21B00BA859F /* TimelineVC.swift in Sources */ = {isa = PBXBuildFile; fileRef = FAB740E71DDEB21B00BA859F /* TimelineVC.swift */; };
		FAC91F841DA84797002B368E /* LocationSelection.storyboard in Resources */ = {isa = PBXBuildFile; fileRef = FAC91F831DA84797002B368E /* LocationSelection.storyboard */; };
		FAC91F871DA84A2E002B368E /* TripPlanner.storyboard in Resources */ = {isa = PBXBuildFile; fileRef = FAC91F851DA84A2E002B368E /* TripPlanner.storyboard */; };
		FAC91F891DA84A71002B368E /* Base.storyboard in Resources */ = {isa = PBXBuildFile; fileRef = FAC91F881DA84A71002B368E /* Base.storyboard */; };
		FAD304B31D6D28E800D8CE2F /* DetailViewController.swift in Sources */ = {isa = PBXBuildFile; fileRef = FAD304B21D6D28E800D8CE2F /* DetailViewController.swift */; };
		FAD304BB1D6F66B500D8CE2F /* AppDelegate.swift in Sources */ = {isa = PBXBuildFile; fileRef = FAD304BA1D6F66B500D8CE2F /* AppDelegate.swift */; };
		FAEE90AE1D6771B5008264DC /* TabBarController.swift in Sources */ = {isa = PBXBuildFile; fileRef = FAEE90AD1D6771B5008264DC /* TabBarController.swift */; };
		FAEE90B41D677EBB008264DC /* LocationsViewController.swift in Sources */ = {isa = PBXBuildFile; fileRef = FAEE90B31D677EBB008264DC /* LocationsViewController.swift */; };
		FAF922811D834E8D001B1D55 /* CoreLocation.framework in Frameworks */ = {isa = PBXBuildFile; fileRef = FAF922801D834E8D001B1D55 /* CoreLocation.framework */; };
/* End PBXBuildFile section */

/* Begin PBXFileReference section */
		46912E114CBBD62D92AB4CE3 /* Pods-Frank Lloyd Wright Trail.release.xcconfig */ = {isa = PBXFileReference; includeInIndex = 1; lastKnownFileType = text.xcconfig; name = "Pods-Frank Lloyd Wright Trail.release.xcconfig"; path = "Pods/Target Support Files/Pods-Frank Lloyd Wright Trail/Pods-Frank Lloyd Wright Trail.release.xcconfig"; sourceTree = "<group>"; };
		847AE4B51DA71FFA0056B6D7 /* PhotosProvider.swift */ = {isa = PBXFileReference; fileEncoding = 4; lastKnownFileType = sourcecode.swift; path = PhotosProvider.swift; sourceTree = "<group>"; };
		847AE4B71DA720010056B6D7 /* ExamplePhoto.swift */ = {isa = PBXFileReference; fileEncoding = 4; lastKnownFileType = sourcecode.swift; path = ExamplePhoto.swift; sourceTree = "<group>"; };
		847AE4B91DA720AA0056B6D7 /* LocationGalleryPageControlller.swift */ = {isa = PBXFileReference; fileEncoding = 4; lastKnownFileType = sourcecode.swift; path = LocationGalleryPageControlller.swift; sourceTree = "<group>"; };
		847AE4BB1DA720B30056B6D7 /* LocationGalleryImageController.swift */ = {isa = PBXFileReference; fileEncoding = 4; lastKnownFileType = sourcecode.swift; path = LocationGalleryImageController.swift; sourceTree = "<group>"; };
		847AE4BD1DA723450056B6D7 /* locations.plist */ = {isa = PBXFileReference; fileEncoding = 4; lastKnownFileType = text.plist.xml; path = locations.plist; sourceTree = "<group>"; };
		84B1F0371E3BCC9E0048986C /* LocationDetails.storyboard */ = {isa = PBXFileReference; fileEncoding = 4; lastKnownFileType = file.storyboard; path = LocationDetails.storyboard; sourceTree = "<group>"; };
		866A48BE69E58B36CE7AFA90 /* Pods-Frank Lloyd Wright Trail.debug.xcconfig */ = {isa = PBXFileReference; includeInIndex = 1; lastKnownFileType = text.xcconfig; name = "Pods-Frank Lloyd Wright Trail.debug.xcconfig"; path = "Pods/Target Support Files/Pods-Frank Lloyd Wright Trail/Pods-Frank Lloyd Wright Trail.debug.xcconfig"; sourceTree = "<group>"; };
		B6109D961D528DDD002A6D77 /* Frank Lloyd Wright Trail.app */ = {isa = PBXFileReference; explicitFileType = wrapper.application; includeInIndex = 0; path = "Frank Lloyd Wright Trail.app"; sourceTree = BUILT_PRODUCTS_DIR; };
		B6109DA21D528DDE002A6D77 /* Assets.xcassets */ = {isa = PBXFileReference; lastKnownFileType = folder.assetcatalog; path = Assets.xcassets; sourceTree = "<group>"; };
		B6109DA51D528DDE002A6D77 /* Base */ = {isa = PBXFileReference; lastKnownFileType = file.storyboard; name = Base; path = Base.lproj/LaunchScreen.storyboard; sourceTree = "<group>"; };
		B6109DA71D528DDE002A6D77 /* Info.plist */ = {isa = PBXFileReference; lastKnownFileType = text.plist.xml; path = Info.plist; sourceTree = "<group>"; };
		B6DB3BB81D7A100200FC737D /* Pin.swift */ = {isa = PBXFileReference; fileEncoding = 4; lastKnownFileType = sourcecode.swift; name = Pin.swift; path = Model/Pin.swift; sourceTree = "<group>"; };
		B6DB3BB91D7A100200FC737D /* Site.swift */ = {isa = PBXFileReference; fileEncoding = 4; lastKnownFileType = sourcecode.swift; name = Site.swift; path = Model/Site.swift; sourceTree = "<group>"; };
		B6DB3BBE1D7A104900FC737D /* LocationCollectionDelegate.swift */ = {isa = PBXFileReference; fileEncoding = 4; lastKnownFileType = sourcecode.swift; path = LocationCollectionDelegate.swift; sourceTree = "<group>"; };
		DF68C79F7226D19F1DACC2B8 /* Pods_Frank_Lloyd_Wright_Trail.framework */ = {isa = PBXFileReference; explicitFileType = wrapper.framework; includeInIndex = 0; path = Pods_Frank_Lloyd_Wright_Trail.framework; sourceTree = BUILT_PRODUCTS_DIR; };
		FA1334741DBFEF3500976585 /* TimeTableVC.swift */ = {isa = PBXFileReference; fileEncoding = 4; lastKnownFileType = sourcecode.swift; path = TimeTableVC.swift; sourceTree = "<group>"; };
		FA3829481DBAE7E3003A4BFA /* ChooseDestinationVC.swift */ = {isa = PBXFileReference; fileEncoding = 4; lastKnownFileType = sourcecode.swift; path = ChooseDestinationVC.swift; sourceTree = "<group>"; };
		FA38294A1DBAEB94003A4BFA /* DestinationCell.swift */ = {isa = PBXFileReference; fileEncoding = 4; lastKnownFileType = sourcecode.swift; path = DestinationCell.swift; sourceTree = "<group>"; };
		FA5AB5AE1D7E744D005CFBD4 /* Item.swift */ = {isa = PBXFileReference; fileEncoding = 4; lastKnownFileType = sourcecode.swift; name = Item.swift; path = View/Item.swift; sourceTree = "<group>"; };
		FA6143911D81FD6300E3A076 /* SiteSorter.swift */ = {isa = PBXFileReference; fileEncoding = 4; lastKnownFileType = sourcecode.swift; path = SiteSorter.swift; sourceTree = "<group>"; };
		FA982F3F1D85D6AF005AF97C /* Callout.xib */ = {isa = PBXFileReference; fileEncoding = 4; lastKnownFileType = file.xib; path = Callout.xib; sourceTree = "<group>"; };
		FAAF70C31D74A39400515DBD /* Cell.swift */ = {isa = PBXFileReference; fileEncoding = 4; lastKnownFileType = sourcecode.swift; name = Cell.swift; path = ../Cell.swift; sourceTree = "<group>"; };
		FAAF70CB1D77675B00515DBD /* CollectionViewController.swift */ = {isa = PBXFileReference; fileEncoding = 4; lastKnownFileType = sourcecode.swift; path = CollectionViewController.swift; sourceTree = "<group>"; };
		FAB740CF1DDE728D00BA859F /* TripTimeVC.swift */ = {isa = PBXFileReference; fileEncoding = 4; lastKnownFileType = sourcecode.swift; path = TripTimeVC.swift; sourceTree = "<group>"; };
		FAB740D21DDEAF7900BA859F /* Timeline-Bridging-Header.h */ = {isa = PBXFileReference; lastKnownFileType = sourcecode.c.h; path = "Timeline-Bridging-Header.h"; sourceTree = "<group>"; };
		FAB740D31DDEB14A00BA859F /* JTSAnimatedGIFUtility.h */ = {isa = PBXFileReference; fileEncoding = 4; lastKnownFileType = sourcecode.c.h; path = JTSAnimatedGIFUtility.h; sourceTree = "<group>"; };
		FAB740D41DDEB14A00BA859F /* JTSAnimatedGIFUtility.m */ = {isa = PBXFileReference; fileEncoding = 4; lastKnownFileType = sourcecode.c.objc; path = JTSAnimatedGIFUtility.m; sourceTree = "<group>"; };
		FAB740D51DDEB14A00BA859F /* JTSImageInfo.h */ = {isa = PBXFileReference; fileEncoding = 4; lastKnownFileType = sourcecode.c.h; path = JTSImageInfo.h; sourceTree = "<group>"; };
		FAB740D61DDEB14A00BA859F /* JTSImageInfo.m */ = {isa = PBXFileReference; fileEncoding = 4; lastKnownFileType = sourcecode.c.objc; path = JTSImageInfo.m; sourceTree = "<group>"; };
		FAB740D71DDEB14A00BA859F /* JTSImageViewController.h */ = {isa = PBXFileReference; fileEncoding = 4; lastKnownFileType = sourcecode.c.h; path = JTSImageViewController.h; sourceTree = "<group>"; };
		FAB740D81DDEB14A00BA859F /* JTSImageViewController.m */ = {isa = PBXFileReference; fileEncoding = 4; lastKnownFileType = sourcecode.c.objc; path = JTSImageViewController.m; sourceTree = "<group>"; };
		FAB740D91DDEB14A00BA859F /* JTSSimpleImageDownloader.h */ = {isa = PBXFileReference; fileEncoding = 4; lastKnownFileType = sourcecode.c.h; path = JTSSimpleImageDownloader.h; sourceTree = "<group>"; };
		FAB740DA1DDEB14A00BA859F /* JTSSimpleImageDownloader.m */ = {isa = PBXFileReference; fileEncoding = 4; lastKnownFileType = sourcecode.c.objc; path = JTSSimpleImageDownloader.m; sourceTree = "<group>"; };
		FAB740DB1DDEB14A00BA859F /* UIApplication+JTSImageViewController.h */ = {isa = PBXFileReference; fileEncoding = 4; lastKnownFileType = sourcecode.c.h; path = "UIApplication+JTSImageViewController.h"; sourceTree = "<group>"; };
		FAB740DC1DDEB14A00BA859F /* UIApplication+JTSImageViewController.m */ = {isa = PBXFileReference; fileEncoding = 4; lastKnownFileType = sourcecode.c.objc; path = "UIApplication+JTSImageViewController.m"; sourceTree = "<group>"; };
		FAB740DD1DDEB14A00BA859F /* UIImage+JTSImageEffects.h */ = {isa = PBXFileReference; fileEncoding = 4; lastKnownFileType = sourcecode.c.h; path = "UIImage+JTSImageEffects.h"; sourceTree = "<group>"; };
		FAB740DE1DDEB14A00BA859F /* UIImage+JTSImageEffects.m */ = {isa = PBXFileReference; fileEncoding = 4; lastKnownFileType = sourcecode.c.objc; path = "UIImage+JTSImageEffects.m"; sourceTree = "<group>"; };
		FAB740E51DDEB1AB00BA859F /* TimelineView.swift */ = {isa = PBXFileReference; fileEncoding = 4; lastKnownFileType = sourcecode.swift; path = TimelineView.swift; sourceTree = "<group>"; };
		FAB740E71DDEB21B00BA859F /* TimelineVC.swift */ = {isa = PBXFileReference; fileEncoding = 4; lastKnownFileType = sourcecode.swift; path = TimelineVC.swift; sourceTree = "<group>"; };
		FAC91F831DA84797002B368E /* LocationSelection.storyboard */ = {isa = PBXFileReference; fileEncoding = 4; lastKnownFileType = file.storyboard; path = LocationSelection.storyboard; sourceTree = "<group>"; };
		FAC91F861DA84A2E002B368E /* Base */ = {isa = PBXFileReference; lastKnownFileType = file.storyboard; name = Base; path = Base.lproj/TripPlanner.storyboard; sourceTree = "<group>"; };
		FAC91F881DA84A71002B368E /* Base.storyboard */ = {isa = PBXFileReference; fileEncoding = 4; lastKnownFileType = file.storyboard; path = Base.storyboard; sourceTree = "<group>"; };
		FAD304B21D6D28E800D8CE2F /* DetailViewController.swift */ = {isa = PBXFileReference; fileEncoding = 4; lastKnownFileType = sourcecode.swift; path = DetailViewController.swift; sourceTree = "<group>"; };
		FAD304BA1D6F66B500D8CE2F /* AppDelegate.swift */ = {isa = PBXFileReference; fileEncoding = 4; lastKnownFileType = sourcecode.swift; name = AppDelegate.swift; path = App/AppDelegate.swift; sourceTree = "<group>"; };
		FAEE90AD1D6771B5008264DC /* TabBarController.swift */ = {isa = PBXFileReference; fileEncoding = 4; lastKnownFileType = sourcecode.swift; path = TabBarController.swift; sourceTree = "<group>"; };
		FAEE90B31D677EBB008264DC /* LocationsViewController.swift */ = {isa = PBXFileReference; fileEncoding = 4; lastKnownFileType = sourcecode.swift; path = LocationsViewController.swift; sourceTree = "<group>"; };
		FAF922801D834E8D001B1D55 /* CoreLocation.framework */ = {isa = PBXFileReference; lastKnownFileType = wrapper.framework; name = CoreLocation.framework; path = System/Library/Frameworks/CoreLocation.framework; sourceTree = SDKROOT; };
/* End PBXFileReference section */

/* Begin PBXFrameworksBuildPhase section */
		B6109D931D528DDD002A6D77 /* Frameworks */ = {
			isa = PBXFrameworksBuildPhase;
			buildActionMask = 2147483647;
			files = (
				FAF922811D834E8D001B1D55 /* CoreLocation.framework in Frameworks */,
				3D968D3100D7715D8590C20E /* Pods_Frank_Lloyd_Wright_Trail.framework in Frameworks */,
			);
			runOnlyForDeploymentPostprocessing = 0;
		};
/* End PBXFrameworksBuildPhase section */

/* Begin PBXGroup section */
		B6109D8D1D528DDD002A6D77 = {
			isa = PBXGroup;
			children = (
				B6109D981D528DDE002A6D77 /* Frank Lloyd Wright Trail */,
				B6109D971D528DDD002A6D77 /* Products */,
				F18132D53F2F165472B3CD59 /* Pods */,
				E49F468231079B747BE7186B /* Frameworks */,
			);
			sourceTree = "<group>";
		};
		B6109D971D528DDD002A6D77 /* Products */ = {
			isa = PBXGroup;
			children = (
				B6109D961D528DDD002A6D77 /* Frank Lloyd Wright Trail.app */,
			);
			name = Products;
			sourceTree = "<group>";
		};
		B6109D981D528DDE002A6D77 /* Frank Lloyd Wright Trail */ = {
			isa = PBXGroup;
			children = (
				847AE4BD1DA723450056B6D7 /* locations.plist */,
				FAB740D21DDEAF7900BA859F /* Timeline-Bridging-Header.h */,
				FAD304BC1D6F670C00D8CE2F /* App */,
				FAD304BD1D6F672C00D8CE2F /* Model */,
				FA5AB5AB1D7E6A9D005CFBD4 /* View */,
				FAD304BE1D6F673E00D8CE2F /* Controller */,
				FAD304C01D6F677D00D8CE2F /* Resources */,
				FAD304BF1D6F676500D8CE2F /* Supporting Files */,
			);
			path = "Frank Lloyd Wright Trail";
			sourceTree = "<group>";
		};
		B6DB3BBD1D7A101000FC737D /* Delegates */ = {
			isa = PBXGroup;
			children = (
				B6DB3BBE1D7A104900FC737D /* LocationCollectionDelegate.swift */,
			);
			name = Delegates;
			path = Model/Delegates;
			sourceTree = "<group>";
		};
		E49F468231079B747BE7186B /* Frameworks */ = {
			isa = PBXGroup;
			children = (
				FAF922801D834E8D001B1D55 /* CoreLocation.framework */,
				DF68C79F7226D19F1DACC2B8 /* Pods_Frank_Lloyd_Wright_Trail.framework */,
			);
			name = Frameworks;
			sourceTree = "<group>";
		};
		F18132D53F2F165472B3CD59 /* Pods */ = {
			isa = PBXGroup;
			children = (
				866A48BE69E58B36CE7AFA90 /* Pods-Frank Lloyd Wright Trail.debug.xcconfig */,
				46912E114CBBD62D92AB4CE3 /* Pods-Frank Lloyd Wright Trail.release.xcconfig */,
			);
			name = Pods;
			sourceTree = "<group>";
		};
		FA3829461DBAE739003A4BFA /* Trip Planner */ = {
			isa = PBXGroup;
			children = (
				FA3829481DBAE7E3003A4BFA /* ChooseDestinationVC.swift */,
				FA1334741DBFEF3500976585 /* TimeTableVC.swift */,
				FAB740CF1DDE728D00BA859F /* TripTimeVC.swift */,
				FAB740E71DDEB21B00BA859F /* TimelineVC.swift */,
			);
			name = "Trip Planner";
			sourceTree = "<group>";
		};
		FA3829471DBAE74E003A4BFA /* Location Selection */ = {
			isa = PBXGroup;
			children = (
				FAEE90AD1D6771B5008264DC /* TabBarController.swift */,
				FAEE90B31D677EBB008264DC /* LocationsViewController.swift */,
				FAD304B21D6D28E800D8CE2F /* DetailViewController.swift */,
				847AE4B91DA720AA0056B6D7 /* LocationGalleryPageControlller.swift */,
				847AE4BB1DA720B30056B6D7 /* LocationGalleryImageController.swift */,
				FAAF70CB1D77675B00515DBD /* CollectionViewController.swift */,
				847AE4B71DA720010056B6D7 /* ExamplePhoto.swift */,
				847AE4B51DA71FFA0056B6D7 /* PhotosProvider.swift */,
			);
			name = "Location Selection";
			sourceTree = "<group>";
		};
		FA5AB5AB1D7E6A9D005CFBD4 /* View */ = {
			isa = PBXGroup;
			children = (
				FAAF70C31D74A39400515DBD /* Cell.swift */,
				FA38294A1DBAEB94003A4BFA /* DestinationCell.swift */,
				FAB740E51DDEB1AB00BA859F /* TimelineView.swift */,
			);
			path = View;
			sourceTree = "<group>";
		};
		FAB740D11DDEAF6300BA859F /* Timeline */ = {
			isa = PBXGroup;
			children = (
				FAB740D31DDEB14A00BA859F /* JTSAnimatedGIFUtility.h */,
				FAB740D41DDEB14A00BA859F /* JTSAnimatedGIFUtility.m */,
				FAB740D51DDEB14A00BA859F /* JTSImageInfo.h */,
				FAB740D61DDEB14A00BA859F /* JTSImageInfo.m */,
				FAB740D71DDEB14A00BA859F /* JTSImageViewController.h */,
				FAB740D81DDEB14A00BA859F /* JTSImageViewController.m */,
				FAB740D91DDEB14A00BA859F /* JTSSimpleImageDownloader.h */,
				FAB740DA1DDEB14A00BA859F /* JTSSimpleImageDownloader.m */,
				FAB740DB1DDEB14A00BA859F /* UIApplication+JTSImageViewController.h */,
				FAB740DC1DDEB14A00BA859F /* UIApplication+JTSImageViewController.m */,
				FAB740DD1DDEB14A00BA859F /* UIImage+JTSImageEffects.h */,
				FAB740DE1DDEB14A00BA859F /* UIImage+JTSImageEffects.m */,
			);
			name = Timeline;
			sourceTree = "<group>";
		};
		FAD304BC1D6F670C00D8CE2F /* App */ = {
			isa = PBXGroup;
			children = (
				FAD304BA1D6F66B500D8CE2F /* AppDelegate.swift */,
			);
			name = App;
			sourceTree = "<group>";
		};
		FAD304BD1D6F672C00D8CE2F /* Model */ = {
			isa = PBXGroup;
			children = (
				FAB740D11DDEAF6300BA859F /* Timeline */,
				B6DB3BBD1D7A101000FC737D /* Delegates */,
				B6DB3BB81D7A100200FC737D /* Pin.swift */,
				B6DB3BB91D7A100200FC737D /* Site.swift */,
				FA5AB5AE1D7E744D005CFBD4 /* Item.swift */,
				FA6143911D81FD6300E3A076 /* SiteSorter.swift */,
			);
			name = Model;
			sourceTree = "<group>";
		};
		FAD304BE1D6F673E00D8CE2F /* Controller */ = {
			isa = PBXGroup;
			children = (
				FA3829471DBAE74E003A4BFA /* Location Selection */,
				FA3829461DBAE739003A4BFA /* Trip Planner */,
			);
			name = Controller;
			sourceTree = "<group>";
		};
		FAD304BF1D6F676500D8CE2F /* Supporting Files */ = {
			isa = PBXGroup;
			children = (
				B6109DA71D528DDE002A6D77 /* Info.plist */,
			);
			name = "Supporting Files";
			sourceTree = "<group>";
		};
		FAD304C01D6F677D00D8CE2F /* Resources */ = {
			isa = PBXGroup;
			children = (
				FAC91F881DA84A71002B368E /* Base.storyboard */,
				FAC91F851DA84A2E002B368E /* TripPlanner.storyboard */,
				FAC91F831DA84797002B368E /* LocationSelection.storyboard */,
				84B1F0371E3BCC9E0048986C /* LocationDetails.storyboard */,
				B6109DA21D528DDE002A6D77 /* Assets.xcassets */,
				B6109DA41D528DDE002A6D77 /* LaunchScreen.storyboard */,
				FA982F3F1D85D6AF005AF97C /* Callout.xib */,
			);
			name = Resources;
			sourceTree = "<group>";
		};
/* End PBXGroup section */

/* Begin PBXNativeTarget section */
		B6109D951D528DDD002A6D77 /* Frank Lloyd Wright Trail */ = {
			isa = PBXNativeTarget;
			buildConfigurationList = B6109DAA1D528DDE002A6D77 /* Build configuration list for PBXNativeTarget "Frank Lloyd Wright Trail" */;
			buildPhases = (
				E5D4518BE6EA3925E0B26A6B /* [CP] Check Pods Manifest.lock */,
				B6109D921D528DDD002A6D77 /* Sources */,
				B6109D931D528DDD002A6D77 /* Frameworks */,
				B6109D941D528DDD002A6D77 /* Resources */,
				F4768C6FB32BE8CD8E06CFF2 /* [CP] Embed Pods Frameworks */,
				779DC3990D663CD4A8FE9C4D /* [CP] Copy Pods Resources */,
			);
			buildRules = (
			);
			dependencies = (
			);
			name = "Frank Lloyd Wright Trail";
			productName = "Frank Lloyd Wright Trail";
			productReference = B6109D961D528DDD002A6D77 /* Frank Lloyd Wright Trail.app */;
			productType = "com.apple.product-type.application";
		};
/* End PBXNativeTarget section */

/* Begin PBXProject section */
		B6109D8E1D528DDD002A6D77 /* Project object */ = {
			isa = PBXProject;
			attributes = {
				LastSwiftUpdateCheck = 0730;
				LastUpgradeCheck = 0730;
				ORGANIZATIONNAME = "App Factory";
				TargetAttributes = {
					B6109D951D528DDD002A6D77 = {
						CreatedOnToolsVersion = 7.3;
						DevelopmentTeam = UTH2FJ9ZL4;
						LastSwiftMigration = 0800;
					};
				};
			};
			buildConfigurationList = B6109D911D528DDD002A6D77 /* Build configuration list for PBXProject "Frank Lloyd Wright Trail" */;
			compatibilityVersion = "Xcode 3.2";
			developmentRegion = English;
			hasScannedForEncodings = 0;
			knownRegions = (
				en,
				Base,
			);
			mainGroup = B6109D8D1D528DDD002A6D77;
			productRefGroup = B6109D971D528DDD002A6D77 /* Products */;
			projectDirPath = "";
			projectRoot = "";
			targets = (
				B6109D951D528DDD002A6D77 /* Frank Lloyd Wright Trail */,
			);
		};
/* End PBXProject section */

/* Begin PBXResourcesBuildPhase section */
		B6109D941D528DDD002A6D77 /* Resources */ = {
			isa = PBXResourcesBuildPhase;
			buildActionMask = 2147483647;
			files = (
				84B1F0381E3BCC9E0048986C /* LocationDetails.storyboard in Resources */,
				B6109DA61D528DDE002A6D77 /* LaunchScreen.storyboard in Resources */,
				847AE4BE1DA723450056B6D7 /* locations.plist in Resources */,
				B6109DA31D528DDE002A6D77 /* Assets.xcassets in Resources */,
				FAC91F871DA84A2E002B368E /* TripPlanner.storyboard in Resources */,
				FAC91F841DA84797002B368E /* LocationSelection.storyboard in Resources */,
				FAC91F891DA84A71002B368E /* Base.storyboard in Resources */,
				FA982F401D85D6AF005AF97C /* Callout.xib in Resources */,
			);
			runOnlyForDeploymentPostprocessing = 0;
		};
/* End PBXResourcesBuildPhase section */

/* Begin PBXShellScriptBuildPhase section */
		779DC3990D663CD4A8FE9C4D /* [CP] Copy Pods Resources */ = {
			isa = PBXShellScriptBuildPhase;
			buildActionMask = 2147483647;
			files = (
			);
			inputPaths = (
			);
			name = "[CP] Copy Pods Resources";
			outputPaths = (
			);
			runOnlyForDeploymentPostprocessing = 0;
			shellPath = /bin/sh;
			shellScript = "\"${SRCROOT}/Pods/Target Support Files/Pods-Frank Lloyd Wright Trail/Pods-Frank Lloyd Wright Trail-resources.sh\"\n";
			showEnvVarsInLog = 0;
		};
		E5D4518BE6EA3925E0B26A6B /* [CP] Check Pods Manifest.lock */ = {
			isa = PBXShellScriptBuildPhase;
			buildActionMask = 2147483647;
			files = (
			);
			inputPaths = (
			);
			name = "[CP] Check Pods Manifest.lock";
			outputPaths = (
			);
			runOnlyForDeploymentPostprocessing = 0;
			shellPath = /bin/sh;
			shellScript = "diff \"${PODS_ROOT}/../Podfile.lock\" \"${PODS_ROOT}/Manifest.lock\" > /dev/null\nif [[ $? != 0 ]] ; then\n    cat << EOM\nerror: The sandbox is not in sync with the Podfile.lock. Run 'pod install' or update your CocoaPods installation.\nEOM\n    exit 1\nfi\n";
			showEnvVarsInLog = 0;
		};
		F4768C6FB32BE8CD8E06CFF2 /* [CP] Embed Pods Frameworks */ = {
			isa = PBXShellScriptBuildPhase;
			buildActionMask = 2147483647;
			files = (
			);
			inputPaths = (
			);
			name = "[CP] Embed Pods Frameworks";
			outputPaths = (
			);
			runOnlyForDeploymentPostprocessing = 0;
			shellPath = /bin/sh;
			shellScript = "\"${SRCROOT}/Pods/Target Support Files/Pods-Frank Lloyd Wright Trail/Pods-Frank Lloyd Wright Trail-frameworks.sh\"\n";
			showEnvVarsInLog = 0;
		};
/* End PBXShellScriptBuildPhase section */

/* Begin PBXSourcesBuildPhase section */
		B6109D921D528DDD002A6D77 /* Sources */ = {
			isa = PBXSourcesBuildPhase;
			buildActionMask = 2147483647;
			files = (
				84B1F0361E3941C00048986C /* Timeline-Bridging-Header.h in Sources */,
				FAB740E11DDEB14A00BA859F /* JTSImageViewController.m in Sources */,
				FAB740E31DDEB14A00BA859F /* UIApplication+JTSImageViewController.m in Sources */,
				FAB740E41DDEB14A00BA859F /* UIImage+JTSImageEffects.m in Sources */,
				FA1334751DBFEF3500976585 /* TimeTableVC.swift in Sources */,
				FAB740D01DDE728D00BA859F /* TripTimeVC.swift in Sources */,
				FAB740E01DDEB14A00BA859F /* JTSImageInfo.m in Sources */,
				FA6143921D81FD6300E3A076 /* SiteSorter.swift in Sources */,
				FAD304BB1D6F66B500D8CE2F /* AppDelegate.swift in Sources */,
				847AE4BA1DA720AA0056B6D7 /* LocationGalleryPageControlller.swift in Sources */,
				FA3829491DBAE7E3003A4BFA /* ChooseDestinationVC.swift in Sources */,
				FAAF70CC1D77675B00515DBD /* CollectionViewController.swift in Sources */,
				FA38294B1DBAEB94003A4BFA /* DestinationCell.swift in Sources */,
				FAAF70C41D74A39400515DBD /* Cell.swift in Sources */,
				B6DB3BBB1D7A100200FC737D /* Pin.swift in Sources */,
				FAB740E61DDEB1AB00BA859F /* TimelineView.swift in Sources */,
				FAB740E21DDEB14A00BA859F /* JTSSimpleImageDownloader.m in Sources */,
				FA5AB5AF1D7E744D005CFBD4 /* Item.swift in Sources */,
				847AE4B81DA720010056B6D7 /* ExamplePhoto.swift in Sources */,
				FAB740DF1DDEB14A00BA859F /* JTSAnimatedGIFUtility.m in Sources */,
				B6DB3BBC1D7A100200FC737D /* Site.swift in Sources */,
				FAEE90AE1D6771B5008264DC /* TabBarController.swift in Sources */,
				FAEE90B41D677EBB008264DC /* LocationsViewController.swift in Sources */,
				B6DB3BBF1D7A104900FC737D /* LocationCollectionDelegate.swift in Sources */,
				FAD304B31D6D28E800D8CE2F /* DetailViewController.swift in Sources */,
				FAB740E81DDEB21B00BA859F /* TimelineVC.swift in Sources */,
				847AE4B61DA71FFA0056B6D7 /* PhotosProvider.swift in Sources */,
				847AE4BC1DA720B30056B6D7 /* LocationGalleryImageController.swift in Sources */,
			);
			runOnlyForDeploymentPostprocessing = 0;
		};
/* End PBXSourcesBuildPhase section */

/* Begin PBXVariantGroup section */
		B6109DA41D528DDE002A6D77 /* LaunchScreen.storyboard */ = {
			isa = PBXVariantGroup;
			children = (
				B6109DA51D528DDE002A6D77 /* Base */,
			);
			name = LaunchScreen.storyboard;
			sourceTree = "<group>";
		};
		FAC91F851DA84A2E002B368E /* TripPlanner.storyboard */ = {
			isa = PBXVariantGroup;
			children = (
				FAC91F861DA84A2E002B368E /* Base */,
			);
			name = TripPlanner.storyboard;
			sourceTree = "<group>";
		};
/* End PBXVariantGroup section */

/* Begin XCBuildConfiguration section */
		B6109DA81D528DDE002A6D77 /* Debug */ = {
			isa = XCBuildConfiguration;
			buildSettings = {
				ALWAYS_SEARCH_USER_PATHS = NO;
				CLANG_ANALYZER_NONNULL = YES;
				CLANG_CXX_LANGUAGE_STANDARD = "gnu++0x";
				CLANG_CXX_LIBRARY = "libc++";
				CLANG_ENABLE_MODULES = YES;
				CLANG_ENABLE_OBJC_ARC = YES;
				CLANG_WARN_BOOL_CONVERSION = YES;
				CLANG_WARN_CONSTANT_CONVERSION = YES;
				CLANG_WARN_DIRECT_OBJC_ISA_USAGE = YES_ERROR;
				CLANG_WARN_EMPTY_BODY = YES;
				CLANG_WARN_ENUM_CONVERSION = YES;
				CLANG_WARN_INT_CONVERSION = YES;
				CLANG_WARN_OBJC_ROOT_CLASS = YES_ERROR;
				CLANG_WARN_UNREACHABLE_CODE = YES;
				CLANG_WARN__DUPLICATE_METHOD_MATCH = YES;
				"CODE_SIGN_IDENTITY[sdk=iphoneos*]" = "iPhone Developer";
				COPY_PHASE_STRIP = NO;
				DEBUG_INFORMATION_FORMAT = dwarf;
				ENABLE_STRICT_OBJC_MSGSEND = YES;
				ENABLE_TESTABILITY = YES;
				GCC_C_LANGUAGE_STANDARD = gnu99;
				GCC_DYNAMIC_NO_PIC = NO;
				GCC_NO_COMMON_BLOCKS = YES;
				GCC_OPTIMIZATION_LEVEL = 0;
				GCC_PREPROCESSOR_DEFINITIONS = (
					"DEBUG=1",
					"$(inherited)",
				);
				GCC_WARN_64_TO_32_BIT_CONVERSION = YES;
				GCC_WARN_ABOUT_RETURN_TYPE = YES_ERROR;
				GCC_WARN_UNDECLARED_SELECTOR = YES;
				GCC_WARN_UNINITIALIZED_AUTOS = YES_AGGRESSIVE;
				GCC_WARN_UNUSED_FUNCTION = YES;
				GCC_WARN_UNUSED_VARIABLE = YES;
				IPHONEOS_DEPLOYMENT_TARGET = 9.3;
				MTL_ENABLE_DEBUG_INFO = YES;
				ONLY_ACTIVE_ARCH = YES;
				SDKROOT = iphoneos;
				SWIFT_OPTIMIZATION_LEVEL = "-Onone";
			};
			name = Debug;
		};
		B6109DA91D528DDE002A6D77 /* Release */ = {
			isa = XCBuildConfiguration;
			buildSettings = {
				ALWAYS_SEARCH_USER_PATHS = NO;
				CLANG_ANALYZER_NONNULL = YES;
				CLANG_CXX_LANGUAGE_STANDARD = "gnu++0x";
				CLANG_CXX_LIBRARY = "libc++";
				CLANG_ENABLE_MODULES = YES;
				CLANG_ENABLE_OBJC_ARC = YES;
				CLANG_WARN_BOOL_CONVERSION = YES;
				CLANG_WARN_CONSTANT_CONVERSION = YES;
				CLANG_WARN_DIRECT_OBJC_ISA_USAGE = YES_ERROR;
				CLANG_WARN_EMPTY_BODY = YES;
				CLANG_WARN_ENUM_CONVERSION = YES;
				CLANG_WARN_INT_CONVERSION = YES;
				CLANG_WARN_OBJC_ROOT_CLASS = YES_ERROR;
				CLANG_WARN_UNREACHABLE_CODE = YES;
				CLANG_WARN__DUPLICATE_METHOD_MATCH = YES;
				"CODE_SIGN_IDENTITY[sdk=iphoneos*]" = "iPhone Developer";
				COPY_PHASE_STRIP = NO;
				DEBUG_INFORMATION_FORMAT = "dwarf-with-dsym";
				ENABLE_NS_ASSERTIONS = NO;
				ENABLE_STRICT_OBJC_MSGSEND = YES;
				GCC_C_LANGUAGE_STANDARD = gnu99;
				GCC_NO_COMMON_BLOCKS = YES;
				GCC_WARN_64_TO_32_BIT_CONVERSION = YES;
				GCC_WARN_ABOUT_RETURN_TYPE = YES_ERROR;
				GCC_WARN_UNDECLARED_SELECTOR = YES;
				GCC_WARN_UNINITIALIZED_AUTOS = YES_AGGRESSIVE;
				GCC_WARN_UNUSED_FUNCTION = YES;
				GCC_WARN_UNUSED_VARIABLE = YES;
				IPHONEOS_DEPLOYMENT_TARGET = 9.3;
				MTL_ENABLE_DEBUG_INFO = NO;
				SDKROOT = iphoneos;
				VALIDATE_PRODUCT = YES;
			};
			name = Release;
		};
		B6109DAB1D528DDE002A6D77 /* Debug */ = {
			isa = XCBuildConfiguration;
			baseConfigurationReference = 866A48BE69E58B36CE7AFA90 /* Pods-Frank Lloyd Wright Trail.debug.xcconfig */;
			buildSettings = {
				ASSETCATALOG_COMPILER_APPICON_NAME = AppIcon;
				DEVELOPMENT_TEAM = UTH2FJ9ZL4;
				FRAMEWORK_SEARCH_PATHS = (
					"$(inherited)",
					"$(PROJECT_DIR)",
				);
				INFOPLIST_FILE = "Frank Lloyd Wright Trail/Info.plist";
				IPHONEOS_DEPLOYMENT_TARGET = 9.0;
				LD_RUNPATH_SEARCH_PATHS = "$(inherited) @executable_path/Frameworks";
				PRODUCT_BUNDLE_IDENTIFIER = "uwp.edu.appFactory.Frank-Lloyd-Wright";
				PRODUCT_NAME = "$(TARGET_NAME)";
				SWIFT_OBJC_BRIDGING_HEADER = "Frank Lloyd Wright Trail/Timeline-Bridging-Header.h";
				SWIFT_VERSION = 2.3;
			};
			name = Debug;
		};
		B6109DAC1D528DDE002A6D77 /* Release */ = {
			isa = XCBuildConfiguration;
			baseConfigurationReference = 46912E114CBBD62D92AB4CE3 /* Pods-Frank Lloyd Wright Trail.release.xcconfig */;
			buildSettings = {
				ASSETCATALOG_COMPILER_APPICON_NAME = AppIcon;
				DEVELOPMENT_TEAM = UTH2FJ9ZL4;
				FRAMEWORK_SEARCH_PATHS = (
					"$(inherited)",
					"$(PROJECT_DIR)",
				);
				INFOPLIST_FILE = "Frank Lloyd Wright Trail/Info.plist";
				IPHONEOS_DEPLOYMENT_TARGET = 9.0;
				LD_RUNPATH_SEARCH_PATHS = "$(inherited) @executable_path/Frameworks";
				PRODUCT_BUNDLE_IDENTIFIER = "uwp.edu.appFactory.Frank-Lloyd-Wright";
				PRODUCT_NAME = "$(TARGET_NAME)";
				SWIFT_OBJC_BRIDGING_HEADER = "Frank Lloyd Wright Trail/Timeline-Bridging-Header.h";
				SWIFT_VERSION = 2.3;
			};
			name = Release;
		};
/* End XCBuildConfiguration section */

/* Begin XCConfigurationList section */
		B6109D911D528DDD002A6D77 /* Build configuration list for PBXProject "Frank Lloyd Wright Trail" */ = {
			isa = XCConfigurationList;
			buildConfigurations = (
				B6109DA81D528DDE002A6D77 /* Debug */,
				B6109DA91D528DDE002A6D77 /* Release */,
			);
			defaultConfigurationIsVisible = 0;
			defaultConfigurationName = Release;
		};
		B6109DAA1D528DDE002A6D77 /* Build configuration list for PBXNativeTarget "Frank Lloyd Wright Trail" */ = {
			isa = XCConfigurationList;
			buildConfigurations = (
				B6109DAB1D528DDE002A6D77 /* Debug */,
				B6109DAC1D528DDE002A6D77 /* Release */,
			);
			defaultConfigurationIsVisible = 0;
			defaultConfigurationName = Release;
		};
/* End XCConfigurationList section */
	};
	rootObject = B6109D8E1D528DDD002A6D77 /* Project object */;
}
